
Microsoft Visual Studio Solution File, Format Version 12.00
# Visual Studio Version 16
VisualStudioVersion = 16.0.31529.145
MinimumVisualStudioVersion = 10.0.40219.1
Project("{F184B08F-C81C-45F6-A57F-5ABD9991F28F}") = "VariosForm", "VariosForm\VariosForm.vbproj", "{DEDC32C6-8956-4725-AA9A-0B0D8DF418B9}"
EndProject
Global
	GlobalSection(SolutionConfigurationPlatforms) = preSolution
		Debug|Any CPU = Debug|Any CPU
		Release|Any CPU = Release|Any CPU
	EndGlobalSection
	GlobalSection(ProjectConfigurationPlatforms) = postSolution
		{DEDC32C6-8956-4725-AA9A-0B0D8DF418B9}.Debug|Any CPU.ActiveCfg = Debug|Any CPU
		{DEDC32C6-8956-4725-AA9A-0B0D8DF418B9}.Debug|Any CPU.Build.0 = Debug|Any CPU
		{DEDC32C6-8956-4725-AA9A-0B0D8DF418B9}.Release|Any CPU.ActiveCfg = Release|Any CPU
		{DEDC32C6-8956-4725-AA9A-0B0D8DF418B9}.Release|Any CPU.Build.0 = Release|Any CPU
	EndGlobalSection
	GlobalSection(SolutionProperties) = preSolution
		HideSolutionNode = FALSE
	EndGlobalSection
	GlobalSection(ExtensibilityGlobals) = postSolution
		SolutionGuid = {024C8A88-8F71-47BD-A3C9-203904B50EDF}
	EndGlobalSection
EndGlobal
