
Microsoft Visual Studio Solution File, Format Version 12.00
# Visual Studio Version 16
VisualStudioVersion = 16.0.31702.278
MinimumVisualStudioVersion = 10.0.40219.1
Project("{F184B08F-C81C-45F6-A57F-5ABD9991F28F}") = "BiblitecaClases", "BiblitecaClases.vbproj", "{160C53BB-8D01-4488-9130-4CA10F380FFD}"
EndProject
Global
	GlobalSection(SolutionConfigurationPlatforms) = preSolution
		Debug|Any CPU = Debug|Any CPU
		Release|Any CPU = Release|Any CPU
	EndGlobalSection
	GlobalSection(ProjectConfigurationPlatforms) = postSolution
		{160C53BB-8D01-4488-9130-4CA10F380FFD}.Debug|Any CPU.ActiveCfg = Debug|Any CPU
		{160C53BB-8D01-4488-9130-4CA10F380FFD}.Debug|Any CPU.Build.0 = Debug|Any CPU
		{160C53BB-8D01-4488-9130-4CA10F380FFD}.Release|Any CPU.ActiveCfg = Release|Any CPU
		{160C53BB-8D01-4488-9130-4CA10F380FFD}.Release|Any CPU.Build.0 = Release|Any CPU
	EndGlobalSection
	GlobalSection(SolutionProperties) = preSolution
		HideSolutionNode = FALSE
	EndGlobalSection
	GlobalSection(ExtensibilityGlobals) = postSolution
		SolutionGuid = {9B9390A3-2C82-40A0-B44D-ED5C2A6B85C8}
	EndGlobalSection
EndGlobal
