Microsoft Visual Studio Solution File, Format Version 8.00
Project("{F184B08F-C81C-45F6-A57F-5ABD9991F28F}") = "GraficosAvanzados", "GraficosAvanzados.vbproj", "{551C0D90-BC84-4299-B719-91F82B63C060}"
	ProjectSection(ProjectDependencies) = postProject
	EndProjectSection
EndProject
Global
	GlobalSection(SolutionConfiguration) = preSolution
		Debug = Debug
		Release = Release
	EndGlobalSection
	GlobalSection(ProjectConfiguration) = postSolution
		{551C0D90-BC84-4299-B719-91F82B63C060}.Debug.ActiveCfg = Debug|.NET
		{551C0D90-BC84-4299-B719-91F82B63C060}.Debug.Build.0 = Debug|.NET
		{551C0D90-BC84-4299-B719-91F82B63C060}.Release.ActiveCfg = Release|.NET
		{551C0D90-BC84-4299-B719-91F82B63C060}.Release.Build.0 = Release|.NET
	EndGlobalSection
	GlobalSection(ExtensibilityGlobals) = postSolution
	EndGlobalSection
	GlobalSection(ExtensibilityAddIns) = postSolution
	EndGlobalSection
EndGlobal
